<?xml version="1.0" encoding="UTF-8" standalone="yes" ?>
<CodeBlocks_project_file>
	<FileVersion major="1" minor="6" />
	<Project>
		<Option title="ViewTheHorizon" />
		<Option pch_mode="2" />
		<Option compiler="gcc" />
		<Build>
			<Target title="Debug">
				<Option output="../../ViewTheHorizon.debug" prefix_auto="0" extension_auto="0" />
				<Option working_dir="../../" />
				<Option object_output="../../" />
				<Option type="1" />
				<Option compiler="gcc" />
				<Compiler>
					<Add option="-g" />
					<Add option="-DDEBUG" />
					<Add option="-D_DEBUG" />
				</Compiler>
				<Linker>
					<Add library="$(LeadwerksPath)/Library/Linux/Debug/Leadwerks.a" />
					<Add library="dl" />
					<Add library="openal" />
					<Add library="GL" />
					<Add library="GLU" />
					<Add library="$(LeadwerksPath)/Library/Linux/libluajit.a" />
					<Add library="../../libsteam_api.so" />
					<Add library="X11" />
					<Add library="pthread" />
				</Linker>
			</Target>
			<Target title="Release">
				<Option output="../../ViewTheHorizon" prefix_auto="0" extension_auto="0" />
				<Option working_dir="../../" />
				<Option object_output="../../" />
				<Option type="1" />
				<Option compiler="gcc" />
				<Compiler>
					<Add option="-O2" />
				</Compiler>
				<Linker>
					<Add option="-s" />
					<Add library="$(LeadwerksPath)/Library/Linux/Release/Leadwerks.a" />
					<Add library="dl" />
					<Add library="openal" />
					<Add library="GL" />
					<Add library="GLU" />
					<Add library="$(LeadwerksPath)/Library/Linux/libluajit.a" />
					<Add library="../../libsteam_api.so" />
					<Add library="X11" />
					<Add library="pthread" />					
				</Linker>
			</Target>
			<Environment>
				<Variable name="LeadwerksPath" value='&quot;/home/$(USER)/Leadwerks&quot;' />
			</Environment>
		</Build>
		<Compiler>
			<Add option="-Wall" />
			<Add option="-fexceptions" />
			<Add option="-msse3" />
			<Add option="-DDG_DISABLE_ASSERT" />
			<Add option="-DZLIB" />
			<Add option="-DPLATFORM_LINUX" />
			<Add option="-D_NEWTON_STATIC_LIB" />
			<Add option="-DFT2_BUILD_LIBRARY" />
			<Add option="-DOPENGL" />
			<Add option="-Dunix" />
			<Add option="-D__STEAM__" />
			<Add option="-D_POSIX_VER" />
			<Add option="-D_POSIX_VER_64" />
			<Add option="-DDG_THREAD_EMULATION" />
			<Add option="-D_STATICLIB" />
			<Add option="-DDG_USE_THREAD_EMULATION" />
			<Add option="-DGL_GLEXT_PROTOTYPES" />
			<Add option="-DLEADWERKS_3_1" />
			<Add option="-DLUA_USE_LINUX" />
			<Add option="-D_CUSTOM_JOINTS_STATIC_LIB" />
			<Add directory="$(LeadwerksPath)/Include/Libraries/VHACD/src/VHACD_Lib/inc" />
			<Add directory="$(LeadwerksPath)/Include/Libraries/NewtonDynamics/coreLibrary_300/source/core" />
			<Add directory="$(LeadwerksPath)/Include/Libraries/NewtonDynamics/coreLibrary_300/source/meshUtil" />
			<Add directory="$(LeadwerksPath)/Include/Libraries/NewtonDynamics/coreLibrary_300/source/newton" />
			<Add directory="$(LeadwerksPath)/Include/Libraries/NewtonDynamics/coreLibrary_300/source/physics" />
			<Add directory="$(LeadwerksPath)/Include/Libraries/NewtonDynamics/packages/dMath" />
			<Add directory="$(LeadwerksPath)/Include/Libraries/NewtonDynamics/packages/dContainers" />
			<Add directory="$(LeadwerksPath)/Include/Libraries/NewtonDynamics/packages/dCustomJoints" />
			<Add directory="$(LeadwerksPath)/Include/Libraries/tolua++-1.0.93/include" />
			<Add directory="$(LeadwerksPath)/Include/Libraries/lua-5.1.4" />
			<Add directory="$(LeadwerksPath)/Include/Libraries/freetype-2.4.7/include" />
			<Add directory="$(LeadwerksPath)/Include/Libraries/enet-1.3.1/include" />
			<Add directory="$(LeadwerksPath)/Include/Libraries/RecastNavigation/DebugUtils/Include" />
			<Add directory="$(LeadwerksPath)/Include/Libraries/RecastNavigation/Detour/Include" />
			<Add directory="$(LeadwerksPath)/Include/Libraries/RecastNavigation/DetourCrowd/Include" />
			<Add directory="$(LeadwerksPath)/Include/Libraries/RecastNavigation/DetourTileCache/Include" />
			<Add directory="$(LeadwerksPath)/Include/Libraries/RecastNavigation/Recast/Include" />
			<Add directory="$(LeadwerksPath)/Include" />
			<Add directory="$(LeadwerksPath)/Include/Libraries/zlib-1.2.5" />
			<Add directory="$(LeadwerksPath)/Include/Libraries/zlib-1.2.5/contrib/minizip" />
			<Add directory="$(LeadwerksPath)/Include/Libraries/freetype-2.4.7/include/freetype" />
			<Add directory="$(LeadwerksPath)/Include/Libraries/freetype-2.4.7/include/freetype/config" />
			<Add directory="$(LeadwerksPath)/Include/Libraries/LuaJIT/dynasm" />
			<Add directory="$(LeadwerksPath)/Include/Libraries/glew-1.6.0/include" />
		</Compiler>
		<Linker>
		</Linker>
		<Unit filename="../../Source/App.cpp" />
		<Unit filename="../../Source/App.h" />
		<Unit filename="../../Source/main.cpp" />
		<Extensions>
			<code_completion />
			<debugger />
		</Extensions>
	</Project>
</CodeBlocks_project_file>
