<?xml version="1.0" encoding="utf-8"?>
<Project ToolsVersion="4.0" xmlns="http://schemas.microsoft.com/developer/msbuild/2003">
  <ItemGroup>
    <ClCompile Include="..\..\Source\App.cpp">
      <Filter>Source</Filter>
    </ClCompile>
    <ClCompile Include="..\..\Source\main.cpp">
      <Filter>Source</Filter>
    </ClCompile>
    <ClCompile Include="..\..\Source\Services\AppCtrl.cpp">
      <Filter>Source\Services</Filter>
    </ClCompile>
    <ClCompile Include="..\..\Source\Components\RenderComponent.cpp">
      <Filter>Source\Components</Filter>
    </ClCompile>
    <ClCompile Include="..\..\Source\Components\Component.cpp">
      <Filter>Source\Components</Filter>
    </ClCompile>
    <ClCompile Include="..\..\Source\Components\HealthComponent.cpp">
      <Filter>Source\Components</Filter>
    </ClCompile>
    <ClCompile Include="..\..\Source\Services\ActorMgr.cpp">
      <Filter>Source\Services</Filter>
    </ClCompile>
    <ClCompile Include="..\..\Source\Objects\Actor.cpp">
      <Filter>Source\Objects</Filter>
    </ClCompile>
  </ItemGroup>
  <ItemGroup>
    <Filter Include="Header Files">
      <UniqueIdentifier>{a9d2744f-98c2-4960-86b2-c4847cd78986}</UniqueIdentifier>
    </Filter>
    <Filter Include="Source">
      <UniqueIdentifier>{993777b6-5434-4cb9-93a3-2b1b29e6cdf1}</UniqueIdentifier>
    </Filter>
    <Filter Include="Header Files\Services">
      <UniqueIdentifier>{2869768b-8ecb-4f28-9631-094b6e917bf1}</UniqueIdentifier>
    </Filter>
    <Filter Include="Source\Services">
      <UniqueIdentifier>{31328dd3-08fc-4e72-a48a-95fe443ff627}</UniqueIdentifier>
    </Filter>
    <Filter Include="Header Files\Utilities">
      <UniqueIdentifier>{f79a4744-1867-4011-bf9f-78e8f3b6bc77}</UniqueIdentifier>
    </Filter>
    <Filter Include="Source\Utilities">
      <UniqueIdentifier>{539574f2-0b0e-4f1b-9956-affec87e1ca2}</UniqueIdentifier>
    </Filter>
    <Filter Include="Header Files\Objects">
      <UniqueIdentifier>{cc8dca0b-17f9-4e38-892c-5d9895d7af20}</UniqueIdentifier>
    </Filter>
    <Filter Include="Source\Objects">
      <UniqueIdentifier>{e3f1d86d-5a1f-46c6-8b21-062f9b474187}</UniqueIdentifier>
    </Filter>
    <Filter Include="Header Files\Components">
      <UniqueIdentifier>{93e4c47e-6baf-4b5c-9fa5-f4b4b06ea4c0}</UniqueIdentifier>
    </Filter>
    <Filter Include="Source\Components">
      <UniqueIdentifier>{a5829472-399c-442b-999b-b0eb81fded19}</UniqueIdentifier>
    </Filter>
  </ItemGroup>
  <ItemGroup>
    <ClInclude Include="..\..\Source\App.h">
      <Filter>Header Files</Filter>
    </ClInclude>
    <ClInclude Include="..\..\Source\Services\AppCtrl.hpp">
      <Filter>Header Files\Services</Filter>
    </ClInclude>
    <ClInclude Include="..\..\Source\Common.hpp">
      <Filter>Header Files</Filter>
    </ClInclude>
    <ClInclude Include="..\..\Source\Utilities\HasId.hpp">
      <Filter>Header Files\Utilities</Filter>
    </ClInclude>
    <ClInclude Include="..\..\Source\Utilities\IHasId.hpp">
      <Filter>Header Files\Utilities</Filter>
    </ClInclude>
    <ClInclude Include="..\..\Source\Objects\IActor.hpp">
      <Filter>Header Files\Objects</Filter>
    </ClInclude>
    <ClInclude Include="..\..\Source\Objects\Actor.hpp">
      <Filter>Header Files\Objects</Filter>
    </ClInclude>
    <ClInclude Include="..\..\Source\Components\IComponent.hpp">
      <Filter>Header Files\Components</Filter>
    </ClInclude>
    <ClInclude Include="..\..\Source\Components\Component.hpp">
      <Filter>Header Files\Components</Filter>
    </ClInclude>
    <ClInclude Include="..\..\Source\Components\RenderComponent.hpp">
      <Filter>Header Files\Components</Filter>
    </ClInclude>
    <ClInclude Include="..\..\Source\Components\HealthComponent.hpp">
      <Filter>Header Files\Components</Filter>
    </ClInclude>
    <ClInclude Include="..\..\Source\Services\ActorMgr.hpp">
      <Filter>Header Files\Services</Filter>
    </ClInclude>
    <ClInclude Include="..\..\Source\Utilities\Macros.hpp">
      <Filter>Header Files\Utilities</Filter>
    </ClInclude>
    <ClInclude Include="..\..\Source\Utilities\Factory.hpp">
      <Filter>Header Files\Utilities</Filter>
    </ClInclude>
  </ItemGroup>
</Project>