<?xml version="1.0" encoding="utf-8"?>
<Project ToolsVersion="4.0" xmlns="http://schemas.microsoft.com/developer/msbuild/2003">
  <ItemGroup>
    <ClCompile Include="..\..\Source\App.cpp">
      <Filter>Source</Filter>
    </ClCompile>
    <ClCompile Include="..\..\Source\main.cpp">
      <Filter>Source</Filter>
    </ClCompile>
    <ClCompile Include="..\..\Source\States\Game.cpp">
      <Filter>Source\States</Filter>
    </ClCompile>
    <ClCompile Include="..\..\Source\Managers\StateManager.cpp">
      <Filter>Source\Managers</Filter>
    </ClCompile>
    <ClCompile Include="..\..\Source\Managers\CameraManager.cpp">
      <Filter>Source\Managers</Filter>
    </ClCompile>
    <ClCompile Include="..\..\Source\Managers\InputManager.cpp">
      <Filter>Source\Managers</Filter>
    </ClCompile>
    <ClCompile Include="..\..\Source\Objects\GameObject.cpp">
      <Filter>Source\Objects</Filter>
    </ClCompile>
  </ItemGroup>
  <ItemGroup>
    <Filter Include="Header Files">
      <UniqueIdentifier>{a9d2744f-98c2-4960-86b2-c4847cd78986}</UniqueIdentifier>
    </Filter>
    <Filter Include="Source">
      <UniqueIdentifier>{993777b6-5434-4cb9-93a3-2b1b29e6cdf1}</UniqueIdentifier>
    </Filter>
    <Filter Include="Header Files\States">
      <UniqueIdentifier>{38c05f01-ad6b-48bf-bfd0-7420de804e63}</UniqueIdentifier>
    </Filter>
    <Filter Include="Source\States">
      <UniqueIdentifier>{331c8994-1d69-4a98-aa5a-4d9ee1233a9e}</UniqueIdentifier>
    </Filter>
    <Filter Include="Header Files\Managers">
      <UniqueIdentifier>{cf27f3da-a196-4c83-b90f-f1c6cd0bd59f}</UniqueIdentifier>
    </Filter>
    <Filter Include="Source\Managers">
      <UniqueIdentifier>{632844de-f9ae-47a5-b781-780f94e22ac6}</UniqueIdentifier>
    </Filter>
    <Filter Include="Header Files\Objects">
      <UniqueIdentifier>{3c75dc09-d7cd-4b66-bf2b-f604c36785e3}</UniqueIdentifier>
    </Filter>
    <Filter Include="Source\Objects">
      <UniqueIdentifier>{c9066abd-cc01-4043-81d5-dc839b1ce70b}</UniqueIdentifier>
    </Filter>
    <Filter Include="Header Files\Helpers">
      <UniqueIdentifier>{d7f56f06-b2c3-4128-b624-bc0f4b127351}</UniqueIdentifier>
    </Filter>
  </ItemGroup>
  <ItemGroup>
    <ClInclude Include="..\..\Source\App.h">
      <Filter>Header Files</Filter>
    </ClInclude>
    <ClInclude Include="..\..\Source\States\Game.hpp">
      <Filter>Header Files\States</Filter>
    </ClInclude>
    <ClInclude Include="..\..\Source\Managers\StateManager.hpp">
      <Filter>Header Files\Managers</Filter>
    </ClInclude>
    <ClInclude Include="..\..\Source\Managers\CameraManager.hpp">
      <Filter>Header Files\Managers</Filter>
    </ClInclude>
    <ClInclude Include="..\..\Source\Managers\InputManager.hpp">
      <Filter>Header Files\Managers</Filter>
    </ClInclude>
    <ClInclude Include="..\..\Source\Objects\GameObject.hpp">
      <Filter>Header Files\Objects</Filter>
    </ClInclude>
    <ClInclude Include="..\..\Source\Helpers\Delegate.hpp">
      <Filter>Header Files\Helpers</Filter>
    </ClInclude>
  </ItemGroup>
</Project>